// !$*UTF8*$!
{
	archiveVersion = 1;
	classes = {
	};
	objectVersion = 46;
	objects = {

/* Begin PBXBuildFile section */
		51FDF176FF07AFDFD6CB2C0A /* Pods_DDPTest.framework in Frameworks */ = {isa = PBXBuildFile; fileRef = E1803157C9CF66775A2FE530 /* Pods_DDPTest.framework */; };
		895111A31D04DB49004A7F9F /* AppDelegate.swift in Sources */ = {isa = PBXBuildFile; fileRef = 895111A21D04DB49004A7F9F /* AppDelegate.swift */; };
		895111A51D04DB49004A7F9F /* ViewController.swift in Sources */ = {isa = PBXBuildFile; fileRef = 895111A41D04DB49004A7F9F /* ViewController.swift */; };
		895111A81D04DB49004A7F9F /* Main.storyboard in Resources */ = {isa = PBXBuildFile; fileRef = 895111A61D04DB49004A7F9F /* Main.storyboard */; };
		895111AA1D04DB49004A7F9F /* Assets.xcassets in Resources */ = {isa = PBXBuildFile; fileRef = 895111A91D04DB49004A7F9F /* Assets.xcassets */; };
		895111AD1D04DB49004A7F9F /* LaunchScreen.storyboard in Resources */ = {isa = PBXBuildFile; fileRef = 895111AB1D04DB49004A7F9F /* LaunchScreen.storyboard */; };
/* End PBXBuildFile section */

/* Begin PBXFileReference section */
		3B4621E398D4F822B266A4AF /* Pods-DDPTest.debug.xcconfig */ = {isa = PBXFileReference; includeInIndex = 1; lastKnownFileType = text.xcconfig; name = "Pods-DDPTest.debug.xcconfig"; path = "Pods/Target Support Files/Pods-DDPTest/Pods-DDPTest.debug.xcconfig"; sourceTree = "<group>"; };
		8951119F1D04DB49004A7F9F /* DDPTest.app */ = {isa = PBXFileReference; explicitFileType = wrapper.application; includeInIndex = 0; path = DDPTest.app; sourceTree = BUILT_PRODUCTS_DIR; };
		895111A21D04DB49004A7F9F /* AppDelegate.swift */ = {isa = PBXFileReference; lastKnownFileType = sourcecode.swift; path = AppDelegate.swift; sourceTree = "<group>"; };
		895111A41D04DB49004A7F9F /* ViewController.swift */ = {isa = PBXFileReference; lastKnownFileType = sourcecode.swift; path = ViewController.swift; sourceTree = "<group>"; };
		895111A71D04DB49004A7F9F /* Base */ = {isa = PBXFileReference; lastKnownFileType = file.storyboard; name = Base; path = Base.lproj/Main.storyboard; sourceTree = "<group>"; };
		895111A91D04DB49004A7F9F /* Assets.xcassets */ = {isa = PBXFileReference; lastKnownFileType = folder.assetcatalog; path = Assets.xcassets; sourceTree = "<group>"; };
		895111AC1D04DB49004A7F9F /* Base */ = {isa = PBXFileReference; lastKnownFileType = file.storyboard; name = Base; path = Base.lproj/LaunchScreen.storyboard; sourceTree = "<group>"; };
		895111AE1D04DB49004A7F9F /* Info.plist */ = {isa = PBXFileReference; lastKnownFileType = text.plist.xml; path = Info.plist; sourceTree = "<group>"; };
		CD8E6AFA1637B80F3742F850 /* Pods-DDPTest.release.xcconfig */ = {isa = PBXFileReference; includeInIndex = 1; lastKnownFileType = text.xcconfig; name = "Pods-DDPTest.release.xcconfig"; path = "Pods/Target Support Files/Pods-DDPTest/Pods-DDPTest.release.xcconfig"; sourceTree = "<group>"; };
		E1803157C9CF66775A2FE530 /* Pods_DDPTest.framework */ = {isa = PBXFileReference; explicitFileType = wrapper.framework; includeInIndex = 0; path = Pods_DDPTest.framework; sourceTree = BUILT_PRODUCTS_DIR; };
/* End PBXFileReference section */

/* Begin PBXFrameworksBuildPhase section */
		8951119C1D04DB49004A7F9F /* Frameworks */ = {
			isa = PBXFrameworksBuildPhase;
			buildActionMask = 2147483647;
			files = (
				51FDF176FF07AFDFD6CB2C0A /* Pods_DDPTest.framework in Frameworks */,
			);
			runOnlyForDeploymentPostprocessing = 0;
		};
/* End PBXFrameworksBuildPhase section */

/* Begin PBXGroup section */
		536B2F7647094BD5886B773D /* Frameworks */ = {
			isa = PBXGroup;
			children = (
				E1803157C9CF66775A2FE530 /* Pods_DDPTest.framework */,
			);
			name = Frameworks;
			sourceTree = "<group>";
		};
		6968B62AC92D80E70F3F3E5B /* Pods */ = {
			isa = PBXGroup;
			children = (
				3B4621E398D4F822B266A4AF /* Pods-DDPTest.debug.xcconfig */,
				CD8E6AFA1637B80F3742F850 /* Pods-DDPTest.release.xcconfig */,
			);
			name = Pods;
			sourceTree = "<group>";
		};
		895111961D04DB49004A7F9F = {
			isa = PBXGroup;
			children = (
				895111A11D04DB49004A7F9F /* DDPTest */,
				895111A01D04DB49004A7F9F /* Products */,
				6968B62AC92D80E70F3F3E5B /* Pods */,
				536B2F7647094BD5886B773D /* Frameworks */,
			);
			sourceTree = "<group>";
		};
		895111A01D04DB49004A7F9F /* Products */ = {
			isa = PBXGroup;
			children = (
				8951119F1D04DB49004A7F9F /* DDPTest.app */,
			);
			name = Products;
			sourceTree = "<group>";
		};
		895111A11D04DB49004A7F9F /* DDPTest */ = {
			isa = PBXGroup;
			children = (
				895111A21D04DB49004A7F9F /* AppDelegate.swift */,
				895111A41D04DB49004A7F9F /* ViewController.swift */,
				895111A61D04DB49004A7F9F /* Main.storyboard */,
				895111A91D04DB49004A7F9F /* Assets.xcassets */,
				895111AB1D04DB49004A7F9F /* LaunchScreen.storyboard */,
				895111AE1D04DB49004A7F9F /* Info.plist */,
			);
			path = DDPTest;
			sourceTree = "<group>";
		};
/* End PBXGroup section */

/* Begin PBXNativeTarget section */
		8951119E1D04DB49004A7F9F /* DDPTest */ = {
			isa = PBXNativeTarget;
			buildConfigurationList = 895111B11D04DB49004A7F9F /* Build configuration list for PBXNativeTarget "DDPTest" */;
			buildPhases = (
				98A4204FE2936E76FACDC02B /* [CP] Check Pods Manifest.lock */,
				8951119B1D04DB49004A7F9F /* Sources */,
				8951119C1D04DB49004A7F9F /* Frameworks */,
				8951119D1D04DB49004A7F9F /* Resources */,
				E721B248E7C7EB609BF0525E /* [CP] Embed Pods Frameworks */,
				E8597B91DDFD3C4F6FF66D02 /* [CP] Copy Pods Resources */,
			);
			buildRules = (
			);
			dependencies = (
			);
			name = DDPTest;
			productName = DDPTest;
			productReference = 8951119F1D04DB49004A7F9F /* DDPTest.app */;
			productType = "com.apple.product-type.application";
		};
/* End PBXNativeTarget section */

/* Begin PBXProject section */
		895111971D04DB49004A7F9F /* Project object */ = {
			isa = PBXProject;
			attributes = {
				LastSwiftUpdateCheck = 0730;
				LastUpgradeCheck = 0730;
				ORGANIZATIONNAME = "Lu Cao";
				TargetAttributes = {
					8951119E1D04DB49004A7F9F = {
						CreatedOnToolsVersion = 7.3.1;
					};
				};
			};
			buildConfigurationList = 8951119A1D04DB49004A7F9F /* Build configuration list for PBXProject "DDPTest" */;
			compatibilityVersion = "Xcode 3.2";
			developmentRegion = English;
			hasScannedForEncodings = 0;
			knownRegions = (
				en,
				Base,
			);
			mainGroup = 895111961D04DB49004A7F9F;
			productRefGroup = 895111A01D04DB49004A7F9F /* Products */;
			projectDirPath = "";
			projectRoot = "";
			targets = (
				8951119E1D04DB49004A7F9F /* DDPTest */,
			);
		};
/* End PBXProject section */

/* Begin PBXResourcesBuildPhase section */
		8951119D1D04DB49004A7F9F /* Resources */ = {
			isa = PBXResourcesBuildPhase;
			buildActionMask = 2147483647;
			files = (
				895111AD1D04DB49004A7F9F /* LaunchScreen.storyboard in Resources */,
				895111AA1D04DB49004A7F9F /* Assets.xcassets in Resources */,
				895111A81D04DB49004A7F9F /* Main.storyboard in Resources */,
			);
			runOnlyForDeploymentPostprocessing = 0;
		};
/* End PBXResourcesBuildPhase section */

/* Begin PBXShellScriptBuildPhase section */
		98A4204FE2936E76FACDC02B /* [CP] Check Pods Manifest.lock */ = {
			isa = PBXShellScriptBuildPhase;
			buildActionMask = 2147483647;
			files = (
			);
			inputPaths = (
			);
			name = "[CP] Check Pods Manifest.lock";
			outputPaths = (
			);
			runOnlyForDeploymentPostprocessing = 0;
			shellPath = /bin/sh;
			shellScript = "diff \"${PODS_ROOT}/../Podfile.lock\" \"${PODS_ROOT}/Manifest.lock\" > /dev/null\nif [[ $? != 0 ]] ; then\n    cat << EOM\nerror: The sandbox is not in sync with the Podfile.lock. Run 'pod install' or update your CocoaPods installation.\nEOM\n    exit 1\nfi\n";
			showEnvVarsInLog = 0;
		};
		E721B248E7C7EB609BF0525E /* [CP] Embed Pods Frameworks */ = {
			isa = PBXShellScriptBuildPhase;
			buildActionMask = 2147483647;
			files = (
			);
			inputPaths = (
			);
			name = "[CP] Embed Pods Frameworks";
			outputPaths = (
			);
			runOnlyForDeploymentPostprocessing = 0;
			shellPath = /bin/sh;
			shellScript = "\"${SRCROOT}/Pods/Target Support Files/Pods-DDPTest/Pods-DDPTest-frameworks.sh\"\n";
			showEnvVarsInLog = 0;
		};
		E8597B91DDFD3C4F6FF66D02 /* [CP] Copy Pods Resources */ = {
			isa = PBXShellScriptBuildPhase;
			buildActionMask = 2147483647;
			files = (
			);
			inputPaths = (
			);
			name = "[CP] Copy Pods Resources";
			outputPaths = (
			);
			runOnlyForDeploymentPostprocessing = 0;
			shellPath = /bin/sh;
			shellScript = "\"${SRCROOT}/Pods/Target Support Files/Pods-DDPTest/Pods-DDPTest-resources.sh\"\n";
			showEnvVarsInLog = 0;
		};
/* End PBXShellScriptBuildPhase section */

/* Begin PBXSourcesBuildPhase section */
		8951119B1D04DB49004A7F9F /* Sources */ = {
			isa = PBXSourcesBuildPhase;
			buildActionMask = 2147483647;
			files = (
				895111A51D04DB49004A7F9F /* ViewController.swift in Sources */,
				895111A31D04DB49004A7F9F /* AppDelegate.swift in Sources */,
			);
			runOnlyForDeploymentPostprocessing = 0;
		};
/* End PBXSourcesBuildPhase section */

/* Begin PBXVariantGroup section */
		895111A61D04DB49004A7F9F /* Main.storyboard */ = {
			isa = PBXVariantGroup;
			children = (
				895111A71D04DB49004A7F9F /* Base */,
			);
			name = Main.storyboard;
			sourceTree = "<group>";
		};
		895111AB1D04DB49004A7F9F /* LaunchScreen.storyboard */ = {
			isa = PBXVariantGroup;
			children = (
				895111AC1D04DB49004A7F9F /* Base */,
			);
			name = LaunchScreen.storyboard;
			sourceTree = "<group>";
		};
/* End PBXVariantGroup section */

/* Begin XCBuildConfiguration section */
		895111AF1D04DB49004A7F9F /* Debug */ = {
			isa = XCBuildConfiguration;
			buildSettings = {
				ALWAYS_SEARCH_USER_PATHS = NO;
				CLANG_ANALYZER_NONNULL = YES;
				CLANG_CXX_LANGUAGE_STANDARD = "gnu++0x";
				CLANG_CXX_LIBRARY = "libc++";
				CLANG_ENABLE_MODULES = YES;
				CLANG_ENABLE_OBJC_ARC = YES;
				CLANG_WARN_BOOL_CONVERSION = YES;
				CLANG_WARN_CONSTANT_CONVERSION = YES;
				CLANG_WARN_DIRECT_OBJC_ISA_USAGE = YES_ERROR;
				CLANG_WARN_EMPTY_BODY = YES;
				CLANG_WARN_ENUM_CONVERSION = YES;
				CLANG_WARN_INT_CONVERSION = YES;
				CLANG_WARN_OBJC_ROOT_CLASS = YES_ERROR;
				CLANG_WARN_UNREACHABLE_CODE = YES;
				CLANG_WARN__DUPLICATE_METHOD_MATCH = YES;
				"CODE_SIGN_IDENTITY[sdk=iphoneos*]" = "iPhone Developer";
				COPY_PHASE_STRIP = NO;
				DEBUG_INFORMATION_FORMAT = dwarf;
				ENABLE_STRICT_OBJC_MSGSEND = YES;
				ENABLE_TESTABILITY = YES;
				GCC_C_LANGUAGE_STANDARD = gnu99;
				GCC_DYNAMIC_NO_PIC = NO;
				GCC_NO_COMMON_BLOCKS = YES;
				GCC_OPTIMIZATION_LEVEL = 0;
				GCC_PREPROCESSOR_DEFINITIONS = (
					"DEBUG=1",
					"$(inherited)",
				);
				GCC_WARN_64_TO_32_BIT_CONVERSION = YES;
				GCC_WARN_ABOUT_RETURN_TYPE = YES_ERROR;
				GCC_WARN_UNDECLARED_SELECTOR = YES;
				GCC_WARN_UNINITIALIZED_AUTOS = YES_AGGRESSIVE;
				GCC_WARN_UNUSED_FUNCTION = YES;
				GCC_WARN_UNUSED_VARIABLE = YES;
				IPHONEOS_DEPLOYMENT_TARGET = 9.3;
				MTL_ENABLE_DEBUG_INFO = YES;
				ONLY_ACTIVE_ARCH = YES;
				SDKROOT = iphoneos;
				SWIFT_OPTIMIZATION_LEVEL = "-Onone";
				TARGETED_DEVICE_FAMILY = "1,2";
			};
			name = Debug;
		};
		895111B01D04DB49004A7F9F /* Release */ = {
			isa = XCBuildConfiguration;
			buildSettings = {
				ALWAYS_SEARCH_USER_PATHS = NO;
				CLANG_ANALYZER_NONNULL = YES;
				CLANG_CXX_LANGUAGE_STANDARD = "gnu++0x";
				CLANG_CXX_LIBRARY = "libc++";
				CLANG_ENABLE_MODULES = YES;
				CLANG_ENABLE_OBJC_ARC = YES;
				CLANG_WARN_BOOL_CONVERSION = YES;
				CLANG_WARN_CONSTANT_CONVERSION = YES;
				CLANG_WARN_DIRECT_OBJC_ISA_USAGE = YES_ERROR;
				CLANG_WARN_EMPTY_BODY = YES;
				CLANG_WARN_ENUM_CONVERSION = YES;
				CLANG_WARN_INT_CONVERSION = YES;
				CLANG_WARN_OBJC_ROOT_CLASS = YES_ERROR;
				CLANG_WARN_UNREACHABLE_CODE = YES;
				CLANG_WARN__DUPLICATE_METHOD_MATCH = YES;
				"CODE_SIGN_IDENTITY[sdk=iphoneos*]" = "iPhone Developer";
				COPY_PHASE_STRIP = NO;
				DEBUG_INFORMATION_FORMAT = "dwarf-with-dsym";
				ENABLE_NS_ASSERTIONS = NO;
				ENABLE_STRICT_OBJC_MSGSEND = YES;
				GCC_C_LANGUAGE_STANDARD = gnu99;
				GCC_NO_COMMON_BLOCKS = YES;
				GCC_WARN_64_TO_32_BIT_CONVERSION = YES;
				GCC_WARN_ABOUT_RETURN_TYPE = YES_ERROR;
				GCC_WARN_UNDECLARED_SELECTOR = YES;
				GCC_WARN_UNINITIALIZED_AUTOS = YES_AGGRESSIVE;
				GCC_WARN_UNUSED_FUNCTION = YES;
				GCC_WARN_UNUSED_VARIABLE = YES;
				IPHONEOS_DEPLOYMENT_TARGET = 9.3;
				MTL_ENABLE_DEBUG_INFO = NO;
				SDKROOT = iphoneos;
				TARGETED_DEVICE_FAMILY = "1,2";
				VALIDATE_PRODUCT = YES;
			};
			name = Release;
		};
		895111B21D04DB49004A7F9F /* Debug */ = {
			isa = XCBuildConfiguration;
			baseConfigurationReference = 3B4621E398D4F822B266A4AF /* Pods-DDPTest.debug.xcconfig */;
			buildSettings = {
				ASSETCATALOG_COMPILER_APPICON_NAME = AppIcon;
				INFOPLIST_FILE = DDPTest/Info.plist;
				LD_RUNPATH_SEARCH_PATHS = "$(inherited) @executable_path/Frameworks";
				PRODUCT_BUNDLE_IDENTIFIER = LoopCow.DDPTest;
				PRODUCT_NAME = "$(TARGET_NAME)";
			};
			name = Debug;
		};
		895111B31D04DB49004A7F9F /* Release */ = {
			isa = XCBuildConfiguration;
			baseConfigurationReference = CD8E6AFA1637B80F3742F850 /* Pods-DDPTest.release.xcconfig */;
			buildSettings = {
				ASSETCATALOG_COMPILER_APPICON_NAME = AppIcon;
				INFOPLIST_FILE = DDPTest/Info.plist;
				LD_RUNPATH_SEARCH_PATHS = "$(inherited) @executable_path/Frameworks";
				PRODUCT_BUNDLE_IDENTIFIER = LoopCow.DDPTest;
				PRODUCT_NAME = "$(TARGET_NAME)";
			};
			name = Release;
		};
/* End XCBuildConfiguration section */

/* Begin XCConfigurationList section */
		8951119A1D04DB49004A7F9F /* Build configuration list for PBXProject "DDPTest" */ = {
			isa = XCConfigurationList;
			buildConfigurations = (
				895111AF1D04DB49004A7F9F /* Debug */,
				895111B01D04DB49004A7F9F /* Release */,
			);
			defaultConfigurationIsVisible = 0;
			defaultConfigurationName = Release;
		};
		895111B11D04DB49004A7F9F /* Build configuration list for PBXNativeTarget "DDPTest" */ = {
			isa = XCConfigurationList;
			buildConfigurations = (
				895111B21D04DB49004A7F9F /* Debug */,
				895111B31D04DB49004A7F9F /* Release */,
			);
			defaultConfigurationIsVisible = 0;
			defaultConfigurationName = Release;
		};
/* End XCConfigurationList section */
	};
	rootObject = 895111971D04DB49004A7F9F /* Project object */;
}
